
Microsoft Visual Studio Solution File, Format Version 12.00
# Visual Studio 2013
VisualStudioVersion = 12.0.40629.0
MinimumVisualStudioVersion = 10.0.40219.1
Project("{2150E333-8FDC-42A3-9474-1A3956D46DE8}") = ".nuget", ".nuget", "{3261AD87-FA7B-4B2B-9121-6E58F8B88B23}"
	ProjectSection(SolutionItems) = preProject
		.nuget\NuGet.Config = .nuget\NuGet.Config
		.nuget\NuGet.exe = .nuget\NuGet.exe
		.nuget\NuGet.targets = .nuget\NuGet.targets
	EndProjectSection
EndProject
Project("{2150E333-8FDC-42A3-9474-1A3956D46DE8}") = "src", "src", "{FF05A998-0DDD-40EC-9B92-7A8FF1AA9888}"
EndProject
Project("{2150E333-8FDC-42A3-9474-1A3956D46DE8}") = "test", "test", "{0A72641D-5115-4199-9496-973092040ADF}"
EndProject
Project("{2150E333-8FDC-42A3-9474-1A3956D46DE8}") = "SharedFiles", "SharedFiles", "{3F0FE437-DBA0-4016-BC3E-D1A0E6EA0D9D}"
	ProjectSection(SolutionItems) = preProject
		test\SharedFiles\link.txt = test\SharedFiles\link.txt
		test\SharedFiles\square.js = test\SharedFiles\square.js
	EndProjectSection
EndProject
Project("{2150E333-8FDC-42A3-9474-1A3956D46DE8}") = "samples", "samples", "{474A274E-E912-4143-9638-08F903A893BA}"
EndProject
Project("{2150E333-8FDC-42A3-9474-1A3956D46DE8}") = "SharedData", "SharedData", "{4FD203F9-A5DC-4A40-BA8A-10687D856DE3}"
EndProject
Project("{2150E333-8FDC-42A3-9474-1A3956D46DE8}") = "text-content", "text-content", "{B6ED896C-8AB3-4B45-ABF7-EC00CD043568}"
	ProjectSection(SolutionItems) = preProject
		samples\SharedData\text-content\contact.html = samples\SharedData\text-content\contact.html
		samples\SharedData\text-content\index.html = samples\SharedData\text-content\index.html
	EndProjectSection
EndProject
Project("{FAE04EC0-301F-11D3-BF4B-00C04F79EFBC}") = "JavaScriptEngineSwitcher.Core.Net40", "src\JavaScriptEngineSwitcher.Core.Net4\JavaScriptEngineSwitcher.Core.Net40.csproj", "{5C903EEF-BAD1-43B8-BFE2-E4EE4D204410}"
EndProject
Project("{FAE04EC0-301F-11D3-BF4B-00C04F79EFBC}") = "JavaScriptEngineSwitcher.Msie.Net40", "src\JavaScriptEngineSwitcher.Msie.Net4\JavaScriptEngineSwitcher.Msie.Net40.csproj", "{50AD3B1C-A295-42AC-979A-CD244429983C}"
EndProject
Project("{FAE04EC0-301F-11D3-BF4B-00C04F79EFBC}") = "JavaScriptEngineSwitcher.V8.Net40", "src\JavaScriptEngineSwitcher.V8.Net4\JavaScriptEngineSwitcher.V8.Net40.csproj", "{1BAEC601-B244-48D3-BE27-351E133EEF73}"
EndProject
Project("{FAE04EC0-301F-11D3-BF4B-00C04F79EFBC}") = "JavaScriptEngineSwitcher.Jurassic.Net40", "src\JavaScriptEngineSwitcher.Jurassic.Net4\JavaScriptEngineSwitcher.Jurassic.Net40.csproj", "{2E667689-F072-401F-A9A5-09F1A2ED025C}"
EndProject
Project("{FAE04EC0-301F-11D3-BF4B-00C04F79EFBC}") = "JavaScriptEngineSwitcher.Jint.Net40", "src\JavaScriptEngineSwitcher.Jint.Net4\JavaScriptEngineSwitcher.Jint.Net40.csproj", "{26ECE52E-991F-4E12-BB88-467201038EFF}"
EndProject
Project("{FAE04EC0-301F-11D3-BF4B-00C04F79EFBC}") = "JavaScriptEngineSwitcher.ChakraCore.Net40", "src\JavaScriptEngineSwitcher.ChakraCore.Net4\JavaScriptEngineSwitcher.ChakraCore.Net40.csproj", "{698A1AFF-B84D-4FB1-B514-D18FFAB5066D}"
EndProject
Project("{FAE04EC0-301F-11D3-BF4B-00C04F79EFBC}") = "JavaScriptEngineSwitcher.Tests.Net40", "test\JavaScriptEngineSwitcher.Tests.Net4\JavaScriptEngineSwitcher.Tests.Net40.csproj", "{7C91107D-6DC4-41FC-B976-0C76E1DFD52A}"
EndProject
Project("{FAE04EC0-301F-11D3-BF4B-00C04F79EFBC}") = "JavaScriptEngineSwitcher.Sample.Resources.Net40", "samples\JavaScriptEngineSwitcher.Sample.Resources.Net4\JavaScriptEngineSwitcher.Sample.Resources.Net40.csproj", "{6860B000-AA2E-4607-BBE0-A406D901DFDE}"
EndProject
Project("{FAE04EC0-301F-11D3-BF4B-00C04F79EFBC}") = "JavaScriptEngineSwitcher.Sample.Logic.Net40", "samples\JavaScriptEngineSwitcher.Sample.Logic.Net4\JavaScriptEngineSwitcher.Sample.Logic.Net40.csproj", "{4E8DC7D0-8121-4FB3-9DF5-788B755852A2}"
EndProject
Project("{FAE04EC0-301F-11D3-BF4B-00C04F79EFBC}") = "JavaScriptEngineSwitcher.Sample.AspNet4.Mvc4.Net40", "samples\JavaScriptEngineSwitcher.Sample.AspNet4.Mvc4\JavaScriptEngineSwitcher.Sample.AspNet4.Mvc4.Net40.csproj", "{8124DF18-4A0B-4648-8B90-4A6D3E4EF2F3}"
EndProject
Global
	GlobalSection(SolutionConfigurationPlatforms) = preSolution
		Debug|Any CPU = Debug|Any CPU
		Release|Any CPU = Release|Any CPU
	EndGlobalSection
	GlobalSection(ProjectConfigurationPlatforms) = postSolution
		{5C903EEF-BAD1-43B8-BFE2-E4EE4D204410}.Debug|Any CPU.ActiveCfg = Debug|Any CPU
		{5C903EEF-BAD1-43B8-BFE2-E4EE4D204410}.Debug|Any CPU.Build.0 = Debug|Any CPU
		{5C903EEF-BAD1-43B8-BFE2-E4EE4D204410}.Release|Any CPU.ActiveCfg = Release|Any CPU
		{5C903EEF-BAD1-43B8-BFE2-E4EE4D204410}.Release|Any CPU.Build.0 = Release|Any CPU
		{50AD3B1C-A295-42AC-979A-CD244429983C}.Debug|Any CPU.ActiveCfg = Debug|Any CPU
		{50AD3B1C-A295-42AC-979A-CD244429983C}.Debug|Any CPU.Build.0 = Debug|Any CPU
		{50AD3B1C-A295-42AC-979A-CD244429983C}.Release|Any CPU.ActiveCfg = Release|Any CPU
		{50AD3B1C-A295-42AC-979A-CD244429983C}.Release|Any CPU.Build.0 = Release|Any CPU
		{1BAEC601-B244-48D3-BE27-351E133EEF73}.Debug|Any CPU.ActiveCfg = Debug|Any CPU
		{1BAEC601-B244-48D3-BE27-351E133EEF73}.Debug|Any CPU.Build.0 = Debug|Any CPU
		{1BAEC601-B244-48D3-BE27-351E133EEF73}.Release|Any CPU.ActiveCfg = Release|Any CPU
		{1BAEC601-B244-48D3-BE27-351E133EEF73}.Release|Any CPU.Build.0 = Release|Any CPU
		{2E667689-F072-401F-A9A5-09F1A2ED025C}.Debug|Any CPU.ActiveCfg = Debug|Any CPU
		{2E667689-F072-401F-A9A5-09F1A2ED025C}.Debug|Any CPU.Build.0 = Debug|Any CPU
		{2E667689-F072-401F-A9A5-09F1A2ED025C}.Release|Any CPU.ActiveCfg = Release|Any CPU
		{2E667689-F072-401F-A9A5-09F1A2ED025C}.Release|Any CPU.Build.0 = Release|Any CPU
		{26ECE52E-991F-4E12-BB88-467201038EFF}.Debug|Any CPU.ActiveCfg = Debug|Any CPU
		{26ECE52E-991F-4E12-BB88-467201038EFF}.Debug|Any CPU.Build.0 = Debug|Any CPU
		{26ECE52E-991F-4E12-BB88-467201038EFF}.Release|Any CPU.ActiveCfg = Release|Any CPU
		{26ECE52E-991F-4E12-BB88-467201038EFF}.Release|Any CPU.Build.0 = Release|Any CPU
		{698A1AFF-B84D-4FB1-B514-D18FFAB5066D}.Debug|Any CPU.ActiveCfg = Debug|Any CPU
		{698A1AFF-B84D-4FB1-B514-D18FFAB5066D}.Debug|Any CPU.Build.0 = Debug|Any CPU
		{698A1AFF-B84D-4FB1-B514-D18FFAB5066D}.Release|Any CPU.ActiveCfg = Release|Any CPU
		{698A1AFF-B84D-4FB1-B514-D18FFAB5066D}.Release|Any CPU.Build.0 = Release|Any CPU
		{7C91107D-6DC4-41FC-B976-0C76E1DFD52A}.Debug|Any CPU.ActiveCfg = Debug|Any CPU
		{7C91107D-6DC4-41FC-B976-0C76E1DFD52A}.Debug|Any CPU.Build.0 = Debug|Any CPU
		{7C91107D-6DC4-41FC-B976-0C76E1DFD52A}.Release|Any CPU.ActiveCfg = Release|Any CPU
		{7C91107D-6DC4-41FC-B976-0C76E1DFD52A}.Release|Any CPU.Build.0 = Release|Any CPU
		{6860B000-AA2E-4607-BBE0-A406D901DFDE}.Debug|Any CPU.ActiveCfg = Debug|Any CPU
		{6860B000-AA2E-4607-BBE0-A406D901DFDE}.Debug|Any CPU.Build.0 = Debug|Any CPU
		{6860B000-AA2E-4607-BBE0-A406D901DFDE}.Release|Any CPU.ActiveCfg = Release|Any CPU
		{6860B000-AA2E-4607-BBE0-A406D901DFDE}.Release|Any CPU.Build.0 = Release|Any CPU
		{4E8DC7D0-8121-4FB3-9DF5-788B755852A2}.Debug|Any CPU.ActiveCfg = Debug|Any CPU
		{4E8DC7D0-8121-4FB3-9DF5-788B755852A2}.Debug|Any CPU.Build.0 = Debug|Any CPU
		{4E8DC7D0-8121-4FB3-9DF5-788B755852A2}.Release|Any CPU.ActiveCfg = Release|Any CPU
		{4E8DC7D0-8121-4FB3-9DF5-788B755852A2}.Release|Any CPU.Build.0 = Release|Any CPU
		{8124DF18-4A0B-4648-8B90-4A6D3E4EF2F3}.Debug|Any CPU.ActiveCfg = Debug|Any CPU
		{8124DF18-4A0B-4648-8B90-4A6D3E4EF2F3}.Debug|Any CPU.Build.0 = Debug|Any CPU
		{8124DF18-4A0B-4648-8B90-4A6D3E4EF2F3}.Release|Any CPU.ActiveCfg = Release|Any CPU
		{8124DF18-4A0B-4648-8B90-4A6D3E4EF2F3}.Release|Any CPU.Build.0 = Release|Any CPU
	EndGlobalSection
	GlobalSection(SolutionProperties) = preSolution
		HideSolutionNode = FALSE
	EndGlobalSection
	GlobalSection(NestedProjects) = preSolution
		{4FD203F9-A5DC-4A40-BA8A-10687D856DE3} = {474A274E-E912-4143-9638-08F903A893BA}
		{B6ED896C-8AB3-4B45-ABF7-EC00CD043568} = {4FD203F9-A5DC-4A40-BA8A-10687D856DE3}
		{5C903EEF-BAD1-43B8-BFE2-E4EE4D204410} = {FF05A998-0DDD-40EC-9B92-7A8FF1AA9888}
		{50AD3B1C-A295-42AC-979A-CD244429983C} = {FF05A998-0DDD-40EC-9B92-7A8FF1AA9888}
		{1BAEC601-B244-48D3-BE27-351E133EEF73} = {FF05A998-0DDD-40EC-9B92-7A8FF1AA9888}
		{2E667689-F072-401F-A9A5-09F1A2ED025C} = {FF05A998-0DDD-40EC-9B92-7A8FF1AA9888}
		{26ECE52E-991F-4E12-BB88-467201038EFF} = {FF05A998-0DDD-40EC-9B92-7A8FF1AA9888}
		{698A1AFF-B84D-4FB1-B514-D18FFAB5066D} = {FF05A998-0DDD-40EC-9B92-7A8FF1AA9888}
		{7C91107D-6DC4-41FC-B976-0C76E1DFD52A} = {0A72641D-5115-4199-9496-973092040ADF}
		{6860B000-AA2E-4607-BBE0-A406D901DFDE} = {474A274E-E912-4143-9638-08F903A893BA}
		{4E8DC7D0-8121-4FB3-9DF5-788B755852A2} = {474A274E-E912-4143-9638-08F903A893BA}
		{8124DF18-4A0B-4648-8B90-4A6D3E4EF2F3} = {474A274E-E912-4143-9638-08F903A893BA}
		{3F0FE437-DBA0-4016-BC3E-D1A0E6EA0D9D} = {0A72641D-5115-4199-9496-973092040ADF}
	EndGlobalSection
EndGlobal
