
Microsoft Visual Studio Solution File, Format Version 12.00
# Visual Studio Version 16
VisualStudioVersion = 16.0.29613.14
MinimumVisualStudioVersion = 10.0.40219.1
Project("{2150E333-8FDC-42A3-9474-1A3956D46DE8}") = "Solution Items", "Solution Items", "{19575E10-6B8E-4CF0-B7D2-898FFF47E157}"
	ProjectSection(SolutionItems) = preProject
		.editorconfig = .editorconfig
		CHANGELOG.md = CHANGELOG.md
		global.json = global.json
		LICENSE.txt = LICENSE.txt
		README.md = README.md
	EndProjectSection
EndProject
Project("{2150E333-8FDC-42A3-9474-1A3956D46DE8}") = "build", "build", "{3FE10516-C056-4337-9C9A-5FD592430F87}"
	ProjectSection(SolutionItems) = preProject
		build\common.props = build\common.props
		build\nuget-common.props = build\nuget-common.props
		build\nuget-metadata.props = build\nuget-metadata.props
	EndProjectSection
EndProject
Project("{2150E333-8FDC-42A3-9474-1A3956D46DE8}") = "licenses", "licenses", "{4AB5950E-3FA8-4A77-A067-F325BFD80537}"
	ProjectSection(SolutionItems) = preProject
		Licenses\advanced-string-builder-license.txt = Licenses\advanced-string-builder-license.txt
		Licenses\chakra-core-license.txt = Licenses\chakra-core-license.txt
		Licenses\chakra-samples-license.txt = Licenses\chakra-samples-license.txt
		Licenses\clearscript-license.txt = Licenses\clearscript-license.txt
		Licenses\jint-license.txt = Licenses\jint-license.txt
		Licenses\jsrt-dotnet-license.txt = Licenses\jsrt-dotnet-license.txt
		Licenses\jurassic-license.txt = Licenses\jurassic-license.txt
		Licenses\msie-javascript-engine-license.txt = Licenses\msie-javascript-engine-license.txt
		Licenses\nil-license.txt = Licenses\nil-license.txt
		Licenses\polyfills-for-old-dot-net-license.txt = Licenses\polyfills-for-old-dot-net-license.txt
		Licenses\v8-license.txt = Licenses\v8-license.txt
		Licenses\vroomjs-core-license.txt = Licenses\vroomjs-core-license.txt
	EndProjectSection
EndProject
Project("{2150E333-8FDC-42A3-9474-1A3956D46DE8}") = "src", "src", "{0C281F46-F1D2-4A1C-8560-375EDA65D680}"
EndProject
Project("{2150E333-8FDC-42A3-9474-1A3956D46DE8}") = "test", "test", "{53B43213-2E66-42C2-8476-600A2FD2DA75}"
EndProject
Project("{9A19103F-16F7-4668-BE54-9A1E7A4F7556}") = "JavaScriptEngineSwitcher.Core", "src\JavaScriptEngineSwitcher.Core\JavaScriptEngineSwitcher.Core.csproj", "{13559975-F99D-4B93-BF46-227C0B6E0DFB}"
EndProject
Project("{9A19103F-16F7-4668-BE54-9A1E7A4F7556}") = "JavaScriptEngineSwitcher.Extensions.MsDependencyInjection", "src\JavaScriptEngineSwitcher.Extensions.MsDependencyInjection\JavaScriptEngineSwitcher.Extensions.MsDependencyInjection.csproj", "{5B693A49-BEC2-4532-ADFE-80C4AA930E27}"
EndProject
Project("{9A19103F-16F7-4668-BE54-9A1E7A4F7556}") = "JavaScriptEngineSwitcher.Msie", "src\JavaScriptEngineSwitcher.Msie\JavaScriptEngineSwitcher.Msie.csproj", "{B3C4AA95-2227-47DD-B58C-22FA589CB28D}"
EndProject
Project("{9A19103F-16F7-4668-BE54-9A1E7A4F7556}") = "JavaScriptEngineSwitcher.V8", "src\JavaScriptEngineSwitcher.V8\JavaScriptEngineSwitcher.V8.csproj", "{C24E1F3C-5680-463A-8703-B9F40BCDAC77}"
EndProject
Project("{9A19103F-16F7-4668-BE54-9A1E7A4F7556}") = "JavaScriptEngineSwitcher.V8.Native.win-x86", "src\JavaScriptEngineSwitcher.V8.Native.win-x86\JavaScriptEngineSwitcher.V8.Native.win-x86.csproj", "{1739A011-164B-4227-B540-01BAD61F17C5}"
EndProject
Project("{9A19103F-16F7-4668-BE54-9A1E7A4F7556}") = "JavaScriptEngineSwitcher.V8.Native.win-x64", "src\JavaScriptEngineSwitcher.V8.Native.win-x64\JavaScriptEngineSwitcher.V8.Native.win-x64.csproj", "{4FB64080-817F-468A-B92C-F63B46E6D85F}"
EndProject
Project("{9A19103F-16F7-4668-BE54-9A1E7A4F7556}") = "JavaScriptEngineSwitcher.V8.Native.linux-x64", "src\JavaScriptEngineSwitcher.V8.Native.linux-x64\JavaScriptEngineSwitcher.V8.Native.linux-x64.csproj", "{D4B2AB12-57DE-43AA-9A1E-E4A5DEB59889}"
EndProject
Project("{9A19103F-16F7-4668-BE54-9A1E7A4F7556}") = "JavaScriptEngineSwitcher.V8.Native.osx-x64", "src\JavaScriptEngineSwitcher.V8.Native.osx-x64\JavaScriptEngineSwitcher.V8.Native.osx-x64.csproj", "{4B727E90-AE52-41DD-B704-28A00196052C}"
EndProject
Project("{9A19103F-16F7-4668-BE54-9A1E7A4F7556}") = "JavaScriptEngineSwitcher.Jurassic", "src\JavaScriptEngineSwitcher.Jurassic\JavaScriptEngineSwitcher.Jurassic.csproj", "{D31B5A77-8018-4D76-B372-325564385B2D}"
EndProject
Project("{9A19103F-16F7-4668-BE54-9A1E7A4F7556}") = "JavaScriptEngineSwitcher.Jint", "src\JavaScriptEngineSwitcher.Jint\JavaScriptEngineSwitcher.Jint.csproj", "{22D73C6E-5F35-497B-A93B-F9EAAAE4DDAA}"
EndProject
Project("{9A19103F-16F7-4668-BE54-9A1E7A4F7556}") = "JavaScriptEngineSwitcher.ChakraCore", "src\JavaScriptEngineSwitcher.ChakraCore\JavaScriptEngineSwitcher.ChakraCore.csproj", "{2EFFFC6B-E642-477F-B537-4241EBD93410}"
EndProject
Project("{9A19103F-16F7-4668-BE54-9A1E7A4F7556}") = "JavaScriptEngineSwitcher.ChakraCore.Native.win-x86", "src\JavaScriptEngineSwitcher.ChakraCore.Native.win-x86\JavaScriptEngineSwitcher.ChakraCore.Native.win-x86.csproj", "{F676D869-5715-46B0-A118-A162D9C9DEC6}"
EndProject
Project("{9A19103F-16F7-4668-BE54-9A1E7A4F7556}") = "JavaScriptEngineSwitcher.ChakraCore.Native.win-x64", "src\JavaScriptEngineSwitcher.ChakraCore.Native.win-x64\JavaScriptEngineSwitcher.ChakraCore.Native.win-x64.csproj", "{D2B4F490-E7A6-40A8-808E-6D7A30D3EBF5}"
EndProject
Project("{9A19103F-16F7-4668-BE54-9A1E7A4F7556}") = "JavaScriptEngineSwitcher.ChakraCore.Native.win-arm", "src\JavaScriptEngineSwitcher.ChakraCore.Native.win-arm\JavaScriptEngineSwitcher.ChakraCore.Native.win-arm.csproj", "{BB7BE2DF-C68C-4F82-8BAB-79A16D9AB812}"
EndProject
Project("{9A19103F-16F7-4668-BE54-9A1E7A4F7556}") = "JavaScriptEngineSwitcher.ChakraCore.Native.win-arm64", "src\JavaScriptEngineSwitcher.ChakraCore.Native.win-arm64\JavaScriptEngineSwitcher.ChakraCore.Native.win-arm64.csproj", "{304EEE7F-005D-4335-80AB-DB29025740B1}"
EndProject
Project("{9A19103F-16F7-4668-BE54-9A1E7A4F7556}") = "JavaScriptEngineSwitcher.ChakraCore.Native.linux-x64", "src\JavaScriptEngineSwitcher.ChakraCore.Native.linux-x64\JavaScriptEngineSwitcher.ChakraCore.Native.linux-x64.csproj", "{FF77615B-4182-4BE7-AE2B-0F9F75198490}"
EndProject
Project("{9A19103F-16F7-4668-BE54-9A1E7A4F7556}") = "JavaScriptEngineSwitcher.ChakraCore.Native.osx-x64", "src\JavaScriptEngineSwitcher.ChakraCore.Native.osx-x64\JavaScriptEngineSwitcher.ChakraCore.Native.osx-x64.csproj", "{E14C4086-9877-4658-AE39-6313039A9076}"
EndProject
Project("{9A19103F-16F7-4668-BE54-9A1E7A4F7556}") = "JavaScriptEngineSwitcher.Vroom", "src\JavaScriptEngineSwitcher.Vroom\JavaScriptEngineSwitcher.Vroom.csproj", "{238D7E69-7052-4DFC-83EF-79D3D124C12B}"
EndProject
Project("{9A19103F-16F7-4668-BE54-9A1E7A4F7556}") = "JavaScriptEngineSwitcher.NiL", "src\JavaScriptEngineSwitcher.NiL\JavaScriptEngineSwitcher.NiL.csproj", "{F0BF7975-2E8A-4EC8-8DAA-760A4302F419}"
EndProject
Project("{9A19103F-16F7-4668-BE54-9A1E7A4F7556}") = "JavaScriptEngineSwitcher.Node", "src\JavaScriptEngineSwitcher.Node\JavaScriptEngineSwitcher.Node.csproj", "{89F9DDDD-5236-4D9A-99E4-3C1358B81149}"
EndProject
Project("{9A19103F-16F7-4668-BE54-9A1E7A4F7556}") = "JavaScriptEngineSwitcher.Benchmarks", "test\JavaScriptEngineSwitcher.Benchmarks\JavaScriptEngineSwitcher.Benchmarks.csproj", "{24A8F6A6-EA4E-43A6-A2D7-E1916F8CB4EE}"
EndProject
Project("{9A19103F-16F7-4668-BE54-9A1E7A4F7556}") = "JavaScriptEngineSwitcher.Tests", "test\JavaScriptEngineSwitcher.Tests\JavaScriptEngineSwitcher.Tests.csproj", "{E95FDEF6-18A0-4E26-8FDF-B4B590E6EDAF}"
EndProject
Global
	GlobalSection(SolutionConfigurationPlatforms) = preSolution
		Debug|Any CPU = Debug|Any CPU
		Release|Any CPU = Release|Any CPU
	EndGlobalSection
	GlobalSection(ProjectConfigurationPlatforms) = postSolution
		{13559975-F99D-4B93-BF46-227C0B6E0DFB}.Debug|Any CPU.ActiveCfg = Debug|Any CPU
		{13559975-F99D-4B93-BF46-227C0B6E0DFB}.Debug|Any CPU.Build.0 = Debug|Any CPU
		{13559975-F99D-4B93-BF46-227C0B6E0DFB}.Release|Any CPU.ActiveCfg = Release|Any CPU
		{13559975-F99D-4B93-BF46-227C0B6E0DFB}.Release|Any CPU.Build.0 = Release|Any CPU
		{5B693A49-BEC2-4532-ADFE-80C4AA930E27}.Debug|Any CPU.ActiveCfg = Debug|Any CPU
		{5B693A49-BEC2-4532-ADFE-80C4AA930E27}.Debug|Any CPU.Build.0 = Debug|Any CPU
		{5B693A49-BEC2-4532-ADFE-80C4AA930E27}.Release|Any CPU.ActiveCfg = Release|Any CPU
		{5B693A49-BEC2-4532-ADFE-80C4AA930E27}.Release|Any CPU.Build.0 = Release|Any CPU
		{B3C4AA95-2227-47DD-B58C-22FA589CB28D}.Debug|Any CPU.ActiveCfg = Debug|Any CPU
		{B3C4AA95-2227-47DD-B58C-22FA589CB28D}.Debug|Any CPU.Build.0 = Debug|Any CPU
		{B3C4AA95-2227-47DD-B58C-22FA589CB28D}.Release|Any CPU.ActiveCfg = Release|Any CPU
		{B3C4AA95-2227-47DD-B58C-22FA589CB28D}.Release|Any CPU.Build.0 = Release|Any CPU
		{C24E1F3C-5680-463A-8703-B9F40BCDAC77}.Debug|Any CPU.ActiveCfg = Debug|Any CPU
		{C24E1F3C-5680-463A-8703-B9F40BCDAC77}.Debug|Any CPU.Build.0 = Debug|Any CPU
		{C24E1F3C-5680-463A-8703-B9F40BCDAC77}.Release|Any CPU.ActiveCfg = Release|Any CPU
		{C24E1F3C-5680-463A-8703-B9F40BCDAC77}.Release|Any CPU.Build.0 = Release|Any CPU
		{1739A011-164B-4227-B540-01BAD61F17C5}.Debug|Any CPU.ActiveCfg = Debug|Any CPU
		{1739A011-164B-4227-B540-01BAD61F17C5}.Debug|Any CPU.Build.0 = Debug|Any CPU
		{1739A011-164B-4227-B540-01BAD61F17C5}.Release|Any CPU.ActiveCfg = Release|Any CPU
		{1739A011-164B-4227-B540-01BAD61F17C5}.Release|Any CPU.Build.0 = Release|Any CPU
		{4FB64080-817F-468A-B92C-F63B46E6D85F}.Debug|Any CPU.ActiveCfg = Debug|Any CPU
		{4FB64080-817F-468A-B92C-F63B46E6D85F}.Debug|Any CPU.Build.0 = Debug|Any CPU
		{4FB64080-817F-468A-B92C-F63B46E6D85F}.Release|Any CPU.ActiveCfg = Release|Any CPU
		{4FB64080-817F-468A-B92C-F63B46E6D85F}.Release|Any CPU.Build.0 = Release|Any CPU
		{D31B5A77-8018-4D76-B372-325564385B2D}.Debug|Any CPU.ActiveCfg = Debug|Any CPU
		{D31B5A77-8018-4D76-B372-325564385B2D}.Debug|Any CPU.Build.0 = Debug|Any CPU
		{D31B5A77-8018-4D76-B372-325564385B2D}.Release|Any CPU.ActiveCfg = Release|Any CPU
		{D31B5A77-8018-4D76-B372-325564385B2D}.Release|Any CPU.Build.0 = Release|Any CPU
		{22D73C6E-5F35-497B-A93B-F9EAAAE4DDAA}.Debug|Any CPU.ActiveCfg = Debug|Any CPU
		{22D73C6E-5F35-497B-A93B-F9EAAAE4DDAA}.Debug|Any CPU.Build.0 = Debug|Any CPU
		{22D73C6E-5F35-497B-A93B-F9EAAAE4DDAA}.Release|Any CPU.ActiveCfg = Release|Any CPU
		{22D73C6E-5F35-497B-A93B-F9EAAAE4DDAA}.Release|Any CPU.Build.0 = Release|Any CPU
		{2EFFFC6B-E642-477F-B537-4241EBD93410}.Debug|Any CPU.ActiveCfg = Debug|Any CPU
		{2EFFFC6B-E642-477F-B537-4241EBD93410}.Debug|Any CPU.Build.0 = Debug|Any CPU
		{2EFFFC6B-E642-477F-B537-4241EBD93410}.Release|Any CPU.ActiveCfg = Release|Any CPU
		{2EFFFC6B-E642-477F-B537-4241EBD93410}.Release|Any CPU.Build.0 = Release|Any CPU
		{F676D869-5715-46B0-A118-A162D9C9DEC6}.Debug|Any CPU.ActiveCfg = Debug|Any CPU
		{F676D869-5715-46B0-A118-A162D9C9DEC6}.Debug|Any CPU.Build.0 = Debug|Any CPU
		{F676D869-5715-46B0-A118-A162D9C9DEC6}.Release|Any CPU.ActiveCfg = Release|Any CPU
		{F676D869-5715-46B0-A118-A162D9C9DEC6}.Release|Any CPU.Build.0 = Release|Any CPU
		{D2B4F490-E7A6-40A8-808E-6D7A30D3EBF5}.Debug|Any CPU.ActiveCfg = Debug|Any CPU
		{D2B4F490-E7A6-40A8-808E-6D7A30D3EBF5}.Debug|Any CPU.Build.0 = Debug|Any CPU
		{D2B4F490-E7A6-40A8-808E-6D7A30D3EBF5}.Release|Any CPU.ActiveCfg = Release|Any CPU
		{D2B4F490-E7A6-40A8-808E-6D7A30D3EBF5}.Release|Any CPU.Build.0 = Release|Any CPU
		{BB7BE2DF-C68C-4F82-8BAB-79A16D9AB812}.Debug|Any CPU.ActiveCfg = Debug|Any CPU
		{BB7BE2DF-C68C-4F82-8BAB-79A16D9AB812}.Debug|Any CPU.Build.0 = Debug|Any CPU
		{BB7BE2DF-C68C-4F82-8BAB-79A16D9AB812}.Release|Any CPU.ActiveCfg = Release|Any CPU
		{BB7BE2DF-C68C-4F82-8BAB-79A16D9AB812}.Release|Any CPU.Build.0 = Release|Any CPU
		{304EEE7F-005D-4335-80AB-DB29025740B1}.Debug|Any CPU.ActiveCfg = Debug|Any CPU
		{304EEE7F-005D-4335-80AB-DB29025740B1}.Debug|Any CPU.Build.0 = Debug|Any CPU
		{304EEE7F-005D-4335-80AB-DB29025740B1}.Release|Any CPU.ActiveCfg = Release|Any CPU
		{304EEE7F-005D-4335-80AB-DB29025740B1}.Release|Any CPU.Build.0 = Release|Any CPU
		{FF77615B-4182-4BE7-AE2B-0F9F75198490}.Debug|Any CPU.ActiveCfg = Debug|Any CPU
		{FF77615B-4182-4BE7-AE2B-0F9F75198490}.Debug|Any CPU.Build.0 = Debug|Any CPU
		{FF77615B-4182-4BE7-AE2B-0F9F75198490}.Release|Any CPU.ActiveCfg = Release|Any CPU
		{FF77615B-4182-4BE7-AE2B-0F9F75198490}.Release|Any CPU.Build.0 = Release|Any CPU
		{E14C4086-9877-4658-AE39-6313039A9076}.Debug|Any CPU.ActiveCfg = Debug|Any CPU
		{E14C4086-9877-4658-AE39-6313039A9076}.Debug|Any CPU.Build.0 = Debug|Any CPU
		{E14C4086-9877-4658-AE39-6313039A9076}.Release|Any CPU.ActiveCfg = Release|Any CPU
		{E14C4086-9877-4658-AE39-6313039A9076}.Release|Any CPU.Build.0 = Release|Any CPU
		{238D7E69-7052-4DFC-83EF-79D3D124C12B}.Debug|Any CPU.ActiveCfg = Debug|Any CPU
		{238D7E69-7052-4DFC-83EF-79D3D124C12B}.Debug|Any CPU.Build.0 = Debug|Any CPU
		{238D7E69-7052-4DFC-83EF-79D3D124C12B}.Release|Any CPU.ActiveCfg = Release|Any CPU
		{238D7E69-7052-4DFC-83EF-79D3D124C12B}.Release|Any CPU.Build.0 = Release|Any CPU
		{F0BF7975-2E8A-4EC8-8DAA-760A4302F419}.Debug|Any CPU.ActiveCfg = Debug|Any CPU
		{F0BF7975-2E8A-4EC8-8DAA-760A4302F419}.Debug|Any CPU.Build.0 = Debug|Any CPU
		{F0BF7975-2E8A-4EC8-8DAA-760A4302F419}.Release|Any CPU.ActiveCfg = Release|Any CPU
		{F0BF7975-2E8A-4EC8-8DAA-760A4302F419}.Release|Any CPU.Build.0 = Release|Any CPU
		{89F9DDDD-5236-4D9A-99E4-3C1358B81149}.Debug|Any CPU.ActiveCfg = Debug|Any CPU
		{89F9DDDD-5236-4D9A-99E4-3C1358B81149}.Debug|Any CPU.Build.0 = Debug|Any CPU
		{89F9DDDD-5236-4D9A-99E4-3C1358B81149}.Release|Any CPU.ActiveCfg = Release|Any CPU
		{89F9DDDD-5236-4D9A-99E4-3C1358B81149}.Release|Any CPU.Build.0 = Release|Any CPU
		{24A8F6A6-EA4E-43A6-A2D7-E1916F8CB4EE}.Debug|Any CPU.ActiveCfg = Debug|Any CPU
		{24A8F6A6-EA4E-43A6-A2D7-E1916F8CB4EE}.Debug|Any CPU.Build.0 = Debug|Any CPU
		{24A8F6A6-EA4E-43A6-A2D7-E1916F8CB4EE}.Release|Any CPU.ActiveCfg = Release|Any CPU
		{24A8F6A6-EA4E-43A6-A2D7-E1916F8CB4EE}.Release|Any CPU.Build.0 = Release|Any CPU
		{E95FDEF6-18A0-4E26-8FDF-B4B590E6EDAF}.Debug|Any CPU.ActiveCfg = Debug|Any CPU
		{E95FDEF6-18A0-4E26-8FDF-B4B590E6EDAF}.Debug|Any CPU.Build.0 = Debug|Any CPU
		{E95FDEF6-18A0-4E26-8FDF-B4B590E6EDAF}.Release|Any CPU.ActiveCfg = Release|Any CPU
		{E95FDEF6-18A0-4E26-8FDF-B4B590E6EDAF}.Release|Any CPU.Build.0 = Release|Any CPU
		{D4B2AB12-57DE-43AA-9A1E-E4A5DEB59889}.Debug|Any CPU.ActiveCfg = Debug|Any CPU
		{D4B2AB12-57DE-43AA-9A1E-E4A5DEB59889}.Debug|Any CPU.Build.0 = Debug|Any CPU
		{D4B2AB12-57DE-43AA-9A1E-E4A5DEB59889}.Release|Any CPU.ActiveCfg = Release|Any CPU
		{D4B2AB12-57DE-43AA-9A1E-E4A5DEB59889}.Release|Any CPU.Build.0 = Release|Any CPU
		{4B727E90-AE52-41DD-B704-28A00196052C}.Debug|Any CPU.ActiveCfg = Debug|Any CPU
		{4B727E90-AE52-41DD-B704-28A00196052C}.Debug|Any CPU.Build.0 = Debug|Any CPU
		{4B727E90-AE52-41DD-B704-28A00196052C}.Release|Any CPU.ActiveCfg = Release|Any CPU
		{4B727E90-AE52-41DD-B704-28A00196052C}.Release|Any CPU.Build.0 = Release|Any CPU
	EndGlobalSection
	GlobalSection(SolutionProperties) = preSolution
		HideSolutionNode = FALSE
	EndGlobalSection
	GlobalSection(NestedProjects) = preSolution
		{13559975-F99D-4B93-BF46-227C0B6E0DFB} = {0C281F46-F1D2-4A1C-8560-375EDA65D680}
		{5B693A49-BEC2-4532-ADFE-80C4AA930E27} = {0C281F46-F1D2-4A1C-8560-375EDA65D680}
		{B3C4AA95-2227-47DD-B58C-22FA589CB28D} = {0C281F46-F1D2-4A1C-8560-375EDA65D680}
		{C24E1F3C-5680-463A-8703-B9F40BCDAC77} = {0C281F46-F1D2-4A1C-8560-375EDA65D680}
		{1739A011-164B-4227-B540-01BAD61F17C5} = {0C281F46-F1D2-4A1C-8560-375EDA65D680}
		{4FB64080-817F-468A-B92C-F63B46E6D85F} = {0C281F46-F1D2-4A1C-8560-375EDA65D680}
		{D31B5A77-8018-4D76-B372-325564385B2D} = {0C281F46-F1D2-4A1C-8560-375EDA65D680}
		{22D73C6E-5F35-497B-A93B-F9EAAAE4DDAA} = {0C281F46-F1D2-4A1C-8560-375EDA65D680}
		{2EFFFC6B-E642-477F-B537-4241EBD93410} = {0C281F46-F1D2-4A1C-8560-375EDA65D680}
		{F676D869-5715-46B0-A118-A162D9C9DEC6} = {0C281F46-F1D2-4A1C-8560-375EDA65D680}
		{D2B4F490-E7A6-40A8-808E-6D7A30D3EBF5} = {0C281F46-F1D2-4A1C-8560-375EDA65D680}
		{BB7BE2DF-C68C-4F82-8BAB-79A16D9AB812} = {0C281F46-F1D2-4A1C-8560-375EDA65D680}
		{304EEE7F-005D-4335-80AB-DB29025740B1} = {0C281F46-F1D2-4A1C-8560-375EDA65D680}
		{FF77615B-4182-4BE7-AE2B-0F9F75198490} = {0C281F46-F1D2-4A1C-8560-375EDA65D680}
		{E14C4086-9877-4658-AE39-6313039A9076} = {0C281F46-F1D2-4A1C-8560-375EDA65D680}
		{238D7E69-7052-4DFC-83EF-79D3D124C12B} = {0C281F46-F1D2-4A1C-8560-375EDA65D680}
		{F0BF7975-2E8A-4EC8-8DAA-760A4302F419} = {0C281F46-F1D2-4A1C-8560-375EDA65D680}
		{89F9DDDD-5236-4D9A-99E4-3C1358B81149} = {0C281F46-F1D2-4A1C-8560-375EDA65D680}
		{24A8F6A6-EA4E-43A6-A2D7-E1916F8CB4EE} = {53B43213-2E66-42C2-8476-600A2FD2DA75}
		{E95FDEF6-18A0-4E26-8FDF-B4B590E6EDAF} = {53B43213-2E66-42C2-8476-600A2FD2DA75}
		{D4B2AB12-57DE-43AA-9A1E-E4A5DEB59889} = {0C281F46-F1D2-4A1C-8560-375EDA65D680}
		{4B727E90-AE52-41DD-B704-28A00196052C} = {0C281F46-F1D2-4A1C-8560-375EDA65D680}
	EndGlobalSection
	GlobalSection(ExtensibilityGlobals) = postSolution
		SolutionGuid = {8184BE59-ACBC-4CD1-9419-D59A0FAC6131}
	EndGlobalSection
EndGlobal
