
Microsoft Visual Studio Solution File, Format Version 12.00
# Visual Studio 14
VisualStudioVersion = 14.0.25420.1
MinimumVisualStudioVersion = 10.0.40219.1
Project("{2150E333-8FDC-42A3-9474-1A3956D46DE8}") = "precompiled", "precompiled", "{D36F06D5-6CE7-4295-B035-513A99013A26}"
EndProject
Project("{2150E333-8FDC-42A3-9474-1A3956D46DE8}") = "src", "src", "{0C281F46-F1D2-4A1C-8560-375EDA65D680}"
EndProject
Project("{2150E333-8FDC-42A3-9474-1A3956D46DE8}") = "test", "test", "{53B43213-2E66-42C2-8476-600A2FD2DA75}"
EndProject
Project("{8BB2217D-0F2D-49D1-97BC-3654ED321F3B}") = "ClearScriptPrecompiled", "precompiled\ClearScriptPrecompiled\ClearScriptPrecompiled.xproj", "{92B9BBB1-DDC9-45D9-A27E-1358A085FA6E}"
EndProject
Project("{8BB2217D-0F2D-49D1-97BC-3654ED321F3B}") = "JurassicPrecompiled", "precompiled\JurassicPrecompiled\JurassicPrecompiled.xproj", "{6108205A-FDC7-4B5B-AB57-33E03B2E418A}"
EndProject
Project("{8BB2217D-0F2D-49D1-97BC-3654ED321F3B}") = "JavaScriptEngineSwitcher.Core", "src\JavaScriptEngineSwitcher.Core\JavaScriptEngineSwitcher.Core.xproj", "{13559975-F99D-4B93-BF46-227C0B6E0DFB}"
EndProject
Project("{8BB2217D-0F2D-49D1-97BC-3654ED321F3B}") = "JavaScriptEngineSwitcher.Msie", "src\JavaScriptEngineSwitcher.Msie\JavaScriptEngineSwitcher.Msie.xproj", "{B3C4AA95-2227-47DD-B58C-22FA589CB28D}"
EndProject
Project("{8BB2217D-0F2D-49D1-97BC-3654ED321F3B}") = "JavaScriptEngineSwitcher.V8", "src\JavaScriptEngineSwitcher.V8\JavaScriptEngineSwitcher.V8.xproj", "{C24E1F3C-5680-463A-8703-B9F40BCDAC77}"
EndProject
Project("{8BB2217D-0F2D-49D1-97BC-3654ED321F3B}") = "JavaScriptEngineSwitcher.Jurassic", "src\JavaScriptEngineSwitcher.Jurassic\JavaScriptEngineSwitcher.Jurassic.xproj", "{D31B5A77-8018-4D76-B372-325564385B2D}"
EndProject
Project("{8BB2217D-0F2D-49D1-97BC-3654ED321F3B}") = "JavaScriptEngineSwitcher.Jint", "src\JavaScriptEngineSwitcher.Jint\JavaScriptEngineSwitcher.Jint.xproj", "{22D73C6E-5F35-497B-A93B-F9EAAAE4DDAA}"
EndProject
Project("{8BB2217D-0F2D-49D1-97BC-3654ED321F3B}") = "JavaScriptEngineSwitcher.ChakraCore", "src\JavaScriptEngineSwitcher.ChakraCore\JavaScriptEngineSwitcher.ChakraCore.xproj", "{2EFFFC6B-E642-477F-B537-4241EBD93410}"
EndProject
Project("{8BB2217D-0F2D-49D1-97BC-3654ED321F3B}") = "JavaScriptEngineSwitcher.Tests", "test\JavaScriptEngineSwitcher.Tests\JavaScriptEngineSwitcher.Tests.xproj", "{E95FDEF6-18A0-4E26-8FDF-B4B590E6EDAF}"
EndProject
Global
	GlobalSection(SolutionConfigurationPlatforms) = preSolution
		Debug|Any CPU = Debug|Any CPU
		Release|Any CPU = Release|Any CPU
	EndGlobalSection
	GlobalSection(ProjectConfigurationPlatforms) = postSolution
		{6108205A-FDC7-4B5B-AB57-33E03B2E418A}.Debug|Any CPU.ActiveCfg = Debug|Any CPU
		{6108205A-FDC7-4B5B-AB57-33E03B2E418A}.Debug|Any CPU.Build.0 = Debug|Any CPU
		{6108205A-FDC7-4B5B-AB57-33E03B2E418A}.Release|Any CPU.ActiveCfg = Release|Any CPU
		{6108205A-FDC7-4B5B-AB57-33E03B2E418A}.Release|Any CPU.Build.0 = Release|Any CPU
		{13559975-F99D-4B93-BF46-227C0B6E0DFB}.Debug|Any CPU.ActiveCfg = Debug|Any CPU
		{13559975-F99D-4B93-BF46-227C0B6E0DFB}.Debug|Any CPU.Build.0 = Debug|Any CPU
		{13559975-F99D-4B93-BF46-227C0B6E0DFB}.Release|Any CPU.ActiveCfg = Release|Any CPU
		{13559975-F99D-4B93-BF46-227C0B6E0DFB}.Release|Any CPU.Build.0 = Release|Any CPU
		{B3C4AA95-2227-47DD-B58C-22FA589CB28D}.Debug|Any CPU.ActiveCfg = Debug|Any CPU
		{B3C4AA95-2227-47DD-B58C-22FA589CB28D}.Debug|Any CPU.Build.0 = Debug|Any CPU
		{B3C4AA95-2227-47DD-B58C-22FA589CB28D}.Release|Any CPU.ActiveCfg = Release|Any CPU
		{B3C4AA95-2227-47DD-B58C-22FA589CB28D}.Release|Any CPU.Build.0 = Release|Any CPU
		{D31B5A77-8018-4D76-B372-325564385B2D}.Debug|Any CPU.ActiveCfg = Debug|Any CPU
		{D31B5A77-8018-4D76-B372-325564385B2D}.Debug|Any CPU.Build.0 = Debug|Any CPU
		{D31B5A77-8018-4D76-B372-325564385B2D}.Release|Any CPU.ActiveCfg = Release|Any CPU
		{D31B5A77-8018-4D76-B372-325564385B2D}.Release|Any CPU.Build.0 = Release|Any CPU
		{22D73C6E-5F35-497B-A93B-F9EAAAE4DDAA}.Debug|Any CPU.ActiveCfg = Debug|Any CPU
		{22D73C6E-5F35-497B-A93B-F9EAAAE4DDAA}.Debug|Any CPU.Build.0 = Debug|Any CPU
		{22D73C6E-5F35-497B-A93B-F9EAAAE4DDAA}.Release|Any CPU.ActiveCfg = Release|Any CPU
		{22D73C6E-5F35-497B-A93B-F9EAAAE4DDAA}.Release|Any CPU.Build.0 = Release|Any CPU
		{2EFFFC6B-E642-477F-B537-4241EBD93410}.Debug|Any CPU.ActiveCfg = Debug|Any CPU
		{2EFFFC6B-E642-477F-B537-4241EBD93410}.Debug|Any CPU.Build.0 = Debug|Any CPU
		{2EFFFC6B-E642-477F-B537-4241EBD93410}.Release|Any CPU.ActiveCfg = Release|Any CPU
		{2EFFFC6B-E642-477F-B537-4241EBD93410}.Release|Any CPU.Build.0 = Release|Any CPU
		{E95FDEF6-18A0-4E26-8FDF-B4B590E6EDAF}.Debug|Any CPU.ActiveCfg = Debug|Any CPU
		{E95FDEF6-18A0-4E26-8FDF-B4B590E6EDAF}.Debug|Any CPU.Build.0 = Debug|Any CPU
		{E95FDEF6-18A0-4E26-8FDF-B4B590E6EDAF}.Release|Any CPU.ActiveCfg = Release|Any CPU
		{E95FDEF6-18A0-4E26-8FDF-B4B590E6EDAF}.Release|Any CPU.Build.0 = Release|Any CPU
		{92B9BBB1-DDC9-45D9-A27E-1358A085FA6E}.Debug|Any CPU.ActiveCfg = Debug|Any CPU
		{92B9BBB1-DDC9-45D9-A27E-1358A085FA6E}.Debug|Any CPU.Build.0 = Debug|Any CPU
		{92B9BBB1-DDC9-45D9-A27E-1358A085FA6E}.Release|Any CPU.ActiveCfg = Release|Any CPU
		{92B9BBB1-DDC9-45D9-A27E-1358A085FA6E}.Release|Any CPU.Build.0 = Release|Any CPU
		{C24E1F3C-5680-463A-8703-B9F40BCDAC77}.Debug|Any CPU.ActiveCfg = Debug|Any CPU
		{C24E1F3C-5680-463A-8703-B9F40BCDAC77}.Debug|Any CPU.Build.0 = Debug|Any CPU
		{C24E1F3C-5680-463A-8703-B9F40BCDAC77}.Release|Any CPU.ActiveCfg = Release|Any CPU
		{C24E1F3C-5680-463A-8703-B9F40BCDAC77}.Release|Any CPU.Build.0 = Release|Any CPU
	EndGlobalSection
	GlobalSection(SolutionProperties) = preSolution
		HideSolutionNode = FALSE
	EndGlobalSection
	GlobalSection(NestedProjects) = preSolution
		{6108205A-FDC7-4B5B-AB57-33E03B2E418A} = {D36F06D5-6CE7-4295-B035-513A99013A26}
		{13559975-F99D-4B93-BF46-227C0B6E0DFB} = {0C281F46-F1D2-4A1C-8560-375EDA65D680}
		{B3C4AA95-2227-47DD-B58C-22FA589CB28D} = {0C281F46-F1D2-4A1C-8560-375EDA65D680}
		{D31B5A77-8018-4D76-B372-325564385B2D} = {0C281F46-F1D2-4A1C-8560-375EDA65D680}
		{22D73C6E-5F35-497B-A93B-F9EAAAE4DDAA} = {0C281F46-F1D2-4A1C-8560-375EDA65D680}
		{2EFFFC6B-E642-477F-B537-4241EBD93410} = {0C281F46-F1D2-4A1C-8560-375EDA65D680}
		{E95FDEF6-18A0-4E26-8FDF-B4B590E6EDAF} = {53B43213-2E66-42C2-8476-600A2FD2DA75}
		{92B9BBB1-DDC9-45D9-A27E-1358A085FA6E} = {D36F06D5-6CE7-4295-B035-513A99013A26}
		{C24E1F3C-5680-463A-8703-B9F40BCDAC77} = {0C281F46-F1D2-4A1C-8560-375EDA65D680}
	EndGlobalSection
EndGlobal
